
Microsoft Visual Studio Solution File, Format Version 12.00
# Visual Studio 15
VisualStudioVersion = 15.0.28010.2003
MinimumVisualStudioVersion = 10.0.40219.1
Project("{8BC9CEB8-8B4A-11D0-8D11-00A0C91BC942}") = "Sanctam3Project", "Sanctam3Project\Sanctam3Project.vcxproj", "{01D73D95-6ADB-4B07-ABB9-97B01DB266C7}"
EndProject
Global
	GlobalSection(SolutionConfigurationPlatforms) = preSolution
		Debug|x64 = Debug|x64
		Debug|x86 = Debug|x86
		Release|x64 = Release|x64
		Release|x86 = Release|x86
	EndGlobalSection
	GlobalSection(ProjectConfigurationPlatforms) = postSolution
		{01D73D95-6ADB-4B07-ABB9-97B01DB266C7}.Debug|x64.ActiveCfg = Debug|x64
		{01D73D95-6ADB-4B07-ABB9-97B01DB266C7}.Debug|x64.Build.0 = Debug|x64
		{01D73D95-6ADB-4B07-ABB9-97B01DB266C7}.Debug|x86.ActiveCfg = Debug|Win32
		{01D73D95-6ADB-4B07-ABB9-97B01DB266C7}.Debug|x86.Build.0 = Debug|Win32
		{01D73D95-6ADB-4B07-ABB9-97B01DB266C7}.Release|x64.ActiveCfg = Release|x64
		{01D73D95-6ADB-4B07-ABB9-97B01DB266C7}.Release|x64.Build.0 = Release|x64
		{01D73D95-6ADB-4B07-ABB9-97B01DB266C7}.Release|x86.ActiveCfg = Release|Win32
		{01D73D95-6ADB-4B07-ABB9-97B01DB266C7}.Release|x86.Build.0 = Release|Win32
	EndGlobalSection
	GlobalSection(SolutionProperties) = preSolution
		HideSolutionNode = FALSE
	EndGlobalSection
	GlobalSection(ExtensibilityGlobals) = postSolution
		SolutionGuid = {4BD4A60B-90D0-4D9D-B0DF-C10D8C356262}
	EndGlobalSection
EndGlobal
